
Microsoft Visual Studio Solution File, Format Version 12.00
# Visual Studio Version 17
VisualStudioVersion = 17.8.34316.72
MinimumVisualStudioVersion = 10.0.40219.1
Project("{FAE04EC0-301F-11D3-BF4B-00C04F79EFBC}") = "ATM Project", "ATM Project\ATM Project.csproj", "{DBB77CE6-B02B-4FB5-AC42-5A6918A0EF02}"
EndProject
Global
	GlobalSection(SolutionConfigurationPlatforms) = preSolution
		Debug|Any CPU = Debug|Any CPU
		Release|Any CPU = Release|Any CPU
	EndGlobalSection
	GlobalSection(ProjectConfigurationPlatforms) = postSolution
		{DBB77CE6-B02B-4FB5-AC42-5A6918A0EF02}.Debug|Any CPU.ActiveCfg = Debug|Any CPU
		{DBB77CE6-B02B-4FB5-AC42-5A6918A0EF02}.Debug|Any CPU.Build.0 = Debug|Any CPU
		{DBB77CE6-B02B-4FB5-AC42-5A6918A0EF02}.Release|Any CPU.ActiveCfg = Release|Any CPU
		{DBB77CE6-B02B-4FB5-AC42-5A6918A0EF02}.Release|Any CPU.Build.0 = Release|Any CPU
	EndGlobalSection
	GlobalSection(SolutionProperties) = preSolution
		HideSolutionNode = FALSE
	EndGlobalSection
	GlobalSection(ExtensibilityGlobals) = postSolution
		SolutionGuid = {695E9884-AC88-46F5-A1E4-E0F2602948D0}
	EndGlobalSection
EndGlobal
